// !$*UTF8*$!
{
	archiveVersion = 1;
	classes = {
	};
	objectVersion = 56;
	objects = {

/* Begin PBXBuildFile section */
		FE1924412A8C60140076CA1C /* SmallSmoke.sks in Resources */ = {isa = PBXBuildFile; fileRef = FE1924402A8C60140076CA1C /* SmallSmoke.sks */; };
		FE1924432A8C705F0076CA1C /* tank_blue.png in Resources */ = {isa = PBXBuildFile; fileRef = FE1924422A8C705F0076CA1C /* tank_blue.png */; };
		FE1924452A8C77740076CA1C /* ShotSmoke.sks in Resources */ = {isa = PBXBuildFile; fileRef = FE1924442A8C77730076CA1C /* ShotSmoke.sks */; };
		FEBB7A3F2A8B3636001B0BF6 /* AppDelegate.swift in Sources */ = {isa = PBXBuildFile; fileRef = FEBB7A3E2A8B3636001B0BF6 /* AppDelegate.swift */; };
		FEBB7A412A8B3636001B0BF6 /* GameScene.sks in Resources */ = {isa = PBXBuildFile; fileRef = FEBB7A402A8B3636001B0BF6 /* GameScene.sks */; };
		FEBB7A452A8B3636001B0BF6 /* GameScene.swift in Sources */ = {isa = PBXBuildFile; fileRef = FEBB7A442A8B3636001B0BF6 /* GameScene.swift */; };
		FEBB7A472A8B3636001B0BF6 /* GameViewController.swift in Sources */ = {isa = PBXBuildFile; fileRef = FEBB7A462A8B3636001B0BF6 /* GameViewController.swift */; };
		FEBB7A4A2A8B3636001B0BF6 /* Main.storyboard in Resources */ = {isa = PBXBuildFile; fileRef = FEBB7A482A8B3636001B0BF6 /* Main.storyboard */; };
		FEBB7A4C2A8B3639001B0BF6 /* Assets.xcassets in Resources */ = {isa = PBXBuildFile; fileRef = FEBB7A4B2A8B3639001B0BF6 /* Assets.xcassets */; };
		FEBB7A4F2A8B3639001B0BF6 /* LaunchScreen.storyboard in Resources */ = {isa = PBXBuildFile; fileRef = FEBB7A4D2A8B3639001B0BF6 /* LaunchScreen.storyboard */; };
		FEBB7A562A8B39F5001B0BF6 /* TileSet.sks in Resources */ = {isa = PBXBuildFile; fileRef = FEBB7A552A8B39F5001B0BF6 /* TileSet.sks */; };
		FED945F82A8B456A00296FEF /* GameItem.swift in Sources */ = {isa = PBXBuildFile; fileRef = FED945F72A8B456A00296FEF /* GameItem.swift */; };
		FED945FA2A8B45A000296FEF /* Unit.swift in Sources */ = {isa = PBXBuildFile; fileRef = FED945F92A8B45A000296FEF /* Unit.swift */; };
		FED945FC2A8B45BC00296FEF /* Base.swift in Sources */ = {isa = PBXBuildFile; fileRef = FED945FB2A8B45BC00296FEF /* Base.swift */; };
		FED945FE2A8BCA4400296FEF /* CGPoint+Additions.swift in Sources */ = {isa = PBXBuildFile; fileRef = FED945FD2A8BCA4400296FEF /* CGPoint+Additions.swift */; };
		FED946002A8BCFD900296FEF /* Array+Additions.swift in Sources */ = {isa = PBXBuildFile; fileRef = FED945FF2A8BCFD900296FEF /* Array+Additions.swift */; };
		FED946042A8C103A00296FEF /* Smoke.sks in Resources */ = {isa = PBXBuildFile; fileRef = FED946032A8C103A00296FEF /* Smoke.sks */; };
		FED946062A8C105200296FEF /* Fire.sks in Resources */ = {isa = PBXBuildFile; fileRef = FED946052A8C105200296FEF /* Fire.sks */; };
/* End PBXBuildFile section */

/* Begin PBXFileReference section */
		FE1924402A8C60140076CA1C /* SmallSmoke.sks */ = {isa = PBXFileReference; lastKnownFileType = file.sks; path = SmallSmoke.sks; sourceTree = "<group>"; };
		FE1924422A8C705F0076CA1C /* tank_blue.png */ = {isa = PBXFileReference; lastKnownFileType = image.png; name = tank_blue.png; path = Assets.xcassets/Sprites.spriteatlas/tank_blue.png; sourceTree = "<group>"; };
		FE1924442A8C77730076CA1C /* ShotSmoke.sks */ = {isa = PBXFileReference; lastKnownFileType = file.sks; path = ShotSmoke.sks; sourceTree = "<group>"; };
		FEBB7A3B2A8B3636001B0BF6 /* Dead Storm Rising.app */ = {isa = PBXFileReference; explicitFileType = wrapper.application; includeInIndex = 0; path = "Dead Storm Rising.app"; sourceTree = BUILT_PRODUCTS_DIR; };
		FEBB7A3E2A8B3636001B0BF6 /* AppDelegate.swift */ = {isa = PBXFileReference; lastKnownFileType = sourcecode.swift; path = AppDelegate.swift; sourceTree = "<group>"; };
		FEBB7A402A8B3636001B0BF6 /* GameScene.sks */ = {isa = PBXFileReference; lastKnownFileType = file.sks; path = GameScene.sks; sourceTree = "<group>"; };
		FEBB7A442A8B3636001B0BF6 /* GameScene.swift */ = {isa = PBXFileReference; lastKnownFileType = sourcecode.swift; path = GameScene.swift; sourceTree = "<group>"; };
		FEBB7A462A8B3636001B0BF6 /* GameViewController.swift */ = {isa = PBXFileReference; lastKnownFileType = sourcecode.swift; path = GameViewController.swift; sourceTree = "<group>"; };
		FEBB7A492A8B3636001B0BF6 /* Base */ = {isa = PBXFileReference; lastKnownFileType = file.storyboard; name = Base; path = Base.lproj/Main.storyboard; sourceTree = "<group>"; };
		FEBB7A4B2A8B3639001B0BF6 /* Assets.xcassets */ = {isa = PBXFileReference; lastKnownFileType = folder.assetcatalog; path = Assets.xcassets; sourceTree = "<group>"; };
		FEBB7A4E2A8B3639001B0BF6 /* Base */ = {isa = PBXFileReference; lastKnownFileType = file.storyboard; name = Base; path = Base.lproj/LaunchScreen.storyboard; sourceTree = "<group>"; };
		FEBB7A552A8B39F5001B0BF6 /* TileSet.sks */ = {isa = PBXFileReference; lastKnownFileType = file.sks; path = TileSet.sks; sourceTree = "<group>"; };
		FED945F72A8B456A00296FEF /* GameItem.swift */ = {isa = PBXFileReference; lastKnownFileType = sourcecode.swift; path = GameItem.swift; sourceTree = "<group>"; };
		FED945F92A8B45A000296FEF /* Unit.swift */ = {isa = PBXFileReference; lastKnownFileType = sourcecode.swift; path = Unit.swift; sourceTree = "<group>"; };
		FED945FB2A8B45BC00296FEF /* Base.swift */ = {isa = PBXFileReference; lastKnownFileType = sourcecode.swift; path = Base.swift; sourceTree = "<group>"; };
		FED945FD2A8BCA4400296FEF /* CGPoint+Additions.swift */ = {isa = PBXFileReference; lastKnownFileType = sourcecode.swift; path = "CGPoint+Additions.swift"; sourceTree = "<group>"; };
		FED945FF2A8BCFD900296FEF /* Array+Additions.swift */ = {isa = PBXFileReference; lastKnownFileType = sourcecode.swift; path = "Array+Additions.swift"; sourceTree = "<group>"; };
		FED946032A8C103A00296FEF /* Smoke.sks */ = {isa = PBXFileReference; lastKnownFileType = file.sks; path = Smoke.sks; sourceTree = "<group>"; };
		FED946052A8C105200296FEF /* Fire.sks */ = {isa = PBXFileReference; lastKnownFileType = file.sks; path = Fire.sks; sourceTree = "<group>"; };
/* End PBXFileReference section */

/* Begin PBXFrameworksBuildPhase section */
		FEBB7A382A8B3636001B0BF6 /* Frameworks */ = {
			isa = PBXFrameworksBuildPhase;
			buildActionMask = 2147483647;
			files = (
			);
			runOnlyForDeploymentPostprocessing = 0;
		};
/* End PBXFrameworksBuildPhase section */

/* Begin PBXGroup section */
		FEBB7A322A8B3636001B0BF6 = {
			isa = PBXGroup;
			children = (
				FEBB7A3D2A8B3636001B0BF6 /* Dead Storm Rising */,
				FEBB7A3C2A8B3636001B0BF6 /* Products */,
			);
			sourceTree = "<group>";
		};
		FEBB7A3C2A8B3636001B0BF6 /* Products */ = {
			isa = PBXGroup;
			children = (
				FEBB7A3B2A8B3636001B0BF6 /* Dead Storm Rising.app */,
			);
			name = Products;
			sourceTree = "<group>";
		};
		FEBB7A3D2A8B3636001B0BF6 /* Dead Storm Rising */ = {
			isa = PBXGroup;
			children = (
				FEBB7A3E2A8B3636001B0BF6 /* AppDelegate.swift */,
				FEBB7A402A8B3636001B0BF6 /* GameScene.sks */,
				FEBB7A442A8B3636001B0BF6 /* GameScene.swift */,
				FED945FF2A8BCFD900296FEF /* Array+Additions.swift */,
				FED945FD2A8BCA4400296FEF /* CGPoint+Additions.swift */,
				FED945F72A8B456A00296FEF /* GameItem.swift */,
				FED945F92A8B45A000296FEF /* Unit.swift */,
				FED945FB2A8B45BC00296FEF /* Base.swift */,
				FEBB7A462A8B3636001B0BF6 /* GameViewController.swift */,
				FEBB7A482A8B3636001B0BF6 /* Main.storyboard */,
				FEBB7A4B2A8B3639001B0BF6 /* Assets.xcassets */,
				FE1924422A8C705F0076CA1C /* tank_blue.png */,
				FED946032A8C103A00296FEF /* Smoke.sks */,
				FE1924402A8C60140076CA1C /* SmallSmoke.sks */,
				FE1924442A8C77730076CA1C /* ShotSmoke.sks */,
				FED946052A8C105200296FEF /* Fire.sks */,
				FEBB7A552A8B39F5001B0BF6 /* TileSet.sks */,
				FEBB7A4D2A8B3639001B0BF6 /* LaunchScreen.storyboard */,
			);
			path = "Dead Storm Rising";
			sourceTree = "<group>";
		};
/* End PBXGroup section */

/* Begin PBXNativeTarget section */
		FEBB7A3A2A8B3636001B0BF6 /* Dead Storm Rising */ = {
			isa = PBXNativeTarget;
			buildConfigurationList = FEBB7A522A8B3639001B0BF6 /* Build configuration list for PBXNativeTarget "Dead Storm Rising" */;
			buildPhases = (
				FEBB7A372A8B3636001B0BF6 /* Sources */,
				FEBB7A382A8B3636001B0BF6 /* Frameworks */,
				FEBB7A392A8B3636001B0BF6 /* Resources */,
			);
			buildRules = (
			);
			dependencies = (
			);
			name = "Dead Storm Rising";
			productName = "Dead Storm Rising";
			productReference = FEBB7A3B2A8B3636001B0BF6 /* Dead Storm Rising.app */;
			productType = "com.apple.product-type.application";
		};
/* End PBXNativeTarget section */

/* Begin PBXProject section */
		FEBB7A332A8B3636001B0BF6 /* Project object */ = {
			isa = PBXProject;
			attributes = {
				BuildIndependentTargetsInParallel = 1;
				LastSwiftUpdateCheck = 1500;
				LastUpgradeCheck = 1500;
				TargetAttributes = {
					FEBB7A3A2A8B3636001B0BF6 = {
						CreatedOnToolsVersion = 15.0;
					};
				};
			};
			buildConfigurationList = FEBB7A362A8B3636001B0BF6 /* Build configuration list for PBXProject "Dead Storm Rising" */;
			compatibilityVersion = "Xcode 14.0";
			developmentRegion = en;
			hasScannedForEncodings = 0;
			knownRegions = (
				en,
				Base,
			);
			mainGroup = FEBB7A322A8B3636001B0BF6;
			productRefGroup = FEBB7A3C2A8B3636001B0BF6 /* Products */;
			projectDirPath = "";
			projectRoot = "";
			targets = (
				FEBB7A3A2A8B3636001B0BF6 /* Dead Storm Rising */,
			);
		};
/* End PBXProject section */

/* Begin PBXResourcesBuildPhase section */
		FEBB7A392A8B3636001B0BF6 /* Resources */ = {
			isa = PBXResourcesBuildPhase;
			buildActionMask = 2147483647;
			files = (
				FE1924432A8C705F0076CA1C /* tank_blue.png in Resources */,
				FE1924452A8C77740076CA1C /* ShotSmoke.sks in Resources */,
				FEBB7A4A2A8B3636001B0BF6 /* Main.storyboard in Resources */,
				FED946042A8C103A00296FEF /* Smoke.sks in Resources */,
				FEBB7A412A8B3636001B0BF6 /* GameScene.sks in Resources */,
				FEBB7A4C2A8B3639001B0BF6 /* Assets.xcassets in Resources */,
				FED946062A8C105200296FEF /* Fire.sks in Resources */,
				FEBB7A562A8B39F5001B0BF6 /* TileSet.sks in Resources */,
				FEBB7A4F2A8B3639001B0BF6 /* LaunchScreen.storyboard in Resources */,
				FE1924412A8C60140076CA1C /* SmallSmoke.sks in Resources */,
			);
			runOnlyForDeploymentPostprocessing = 0;
		};
/* End PBXResourcesBuildPhase section */

/* Begin PBXSourcesBuildPhase section */
		FEBB7A372A8B3636001B0BF6 /* Sources */ = {
			isa = PBXSourcesBuildPhase;
			buildActionMask = 2147483647;
			files = (
				FED945FC2A8B45BC00296FEF /* Base.swift in Sources */,
				FED946002A8BCFD900296FEF /* Array+Additions.swift in Sources */,
				FED945FA2A8B45A000296FEF /* Unit.swift in Sources */,
				FED945FE2A8BCA4400296FEF /* CGPoint+Additions.swift in Sources */,
				FEBB7A452A8B3636001B0BF6 /* GameScene.swift in Sources */,
				FEBB7A472A8B3636001B0BF6 /* GameViewController.swift in Sources */,
				FED945F82A8B456A00296FEF /* GameItem.swift in Sources */,
				FEBB7A3F2A8B3636001B0BF6 /* AppDelegate.swift in Sources */,
			);
			runOnlyForDeploymentPostprocessing = 0;
		};
/* End PBXSourcesBuildPhase section */

/* Begin PBXVariantGroup section */
		FEBB7A482A8B3636001B0BF6 /* Main.storyboard */ = {
			isa = PBXVariantGroup;
			children = (
				FEBB7A492A8B3636001B0BF6 /* Base */,
			);
			name = Main.storyboard;
			sourceTree = "<group>";
		};
		FEBB7A4D2A8B3639001B0BF6 /* LaunchScreen.storyboard */ = {
			isa = PBXVariantGroup;
			children = (
				FEBB7A4E2A8B3639001B0BF6 /* Base */,
			);
			name = LaunchScreen.storyboard;
			sourceTree = "<group>";
		};
/* End PBXVariantGroup section */

/* Begin XCBuildConfiguration section */
		FEBB7A502A8B3639001B0BF6 /* Debug */ = {
			isa = XCBuildConfiguration;
			buildSettings = {
				ALWAYS_SEARCH_USER_PATHS = NO;
				ASSETCATALOG_COMPILER_GENERATE_SWIFT_ASSET_SYMBOL_EXTENSIONS = YES;
				CLANG_ANALYZER_NONNULL = YES;
				CLANG_ANALYZER_NUMBER_OBJECT_CONVERSION = YES_AGGRESSIVE;
				CLANG_CXX_LANGUAGE_STANDARD = "gnu++20";
				CLANG_ENABLE_MODULES = YES;
				CLANG_ENABLE_OBJC_ARC = YES;
				CLANG_ENABLE_OBJC_WEAK = YES;
				CLANG_WARN_BLOCK_CAPTURE_AUTORELEASING = YES;
				CLANG_WARN_BOOL_CONVERSION = YES;
				CLANG_WARN_COMMA = YES;
				CLANG_WARN_CONSTANT_CONVERSION = YES;
				CLANG_WARN_DEPRECATED_OBJC_IMPLEMENTATIONS = YES;
				CLANG_WARN_DIRECT_OBJC_ISA_USAGE = YES_ERROR;
				CLANG_WARN_DOCUMENTATION_COMMENTS = YES;
				CLANG_WARN_EMPTY_BODY = YES;
				CLANG_WARN_ENUM_CONVERSION = YES;
				CLANG_WARN_INFINITE_RECURSION = YES;
				CLANG_WARN_INT_CONVERSION = YES;
				CLANG_WARN_NON_LITERAL_NULL_CONVERSION = YES;
				CLANG_WARN_OBJC_IMPLICIT_RETAIN_SELF = YES;
				CLANG_WARN_OBJC_LITERAL_CONVERSION = YES;
				CLANG_WARN_OBJC_ROOT_CLASS = YES_ERROR;
				CLANG_WARN_QUOTED_INCLUDE_IN_FRAMEWORK_HEADER = YES;
				CLANG_WARN_RANGE_LOOP_ANALYSIS = YES;
				CLANG_WARN_STRICT_PROTOTYPES = YES;
				CLANG_WARN_SUSPICIOUS_MOVE = YES;
				CLANG_WARN_UNGUARDED_AVAILABILITY = YES_AGGRESSIVE;
				CLANG_WARN_UNREACHABLE_CODE = YES;
				CLANG_WARN__DUPLICATE_METHOD_MATCH = YES;
				COPY_PHASE_STRIP = NO;
				DEBUG_INFORMATION_FORMAT = dwarf;
				ENABLE_STRICT_OBJC_MSGSEND = YES;
				ENABLE_TESTABILITY = YES;
				ENABLE_USER_SCRIPT_SANDBOXING = YES;
				GCC_C_LANGUAGE_STANDARD = gnu17;
				GCC_DYNAMIC_NO_PIC = NO;
				GCC_NO_COMMON_BLOCKS = YES;
				GCC_OPTIMIZATION_LEVEL = 0;
				GCC_PREPROCESSOR_DEFINITIONS = (
					"DEBUG=1",
					"$(inherited)",
				);
				GCC_WARN_64_TO_32_BIT_CONVERSION = YES;
				GCC_WARN_ABOUT_RETURN_TYPE = YES_ERROR;
				GCC_WARN_UNDECLARED_SELECTOR = YES;
				GCC_WARN_UNINITIALIZED_AUTOS = YES_AGGRESSIVE;
				GCC_WARN_UNUSED_FUNCTION = YES;
				GCC_WARN_UNUSED_VARIABLE = YES;
				IPHONEOS_DEPLOYMENT_TARGET = 17.0;
				LOCALIZATION_PREFERS_STRING_CATALOGS = YES;
				MTL_ENABLE_DEBUG_INFO = INCLUDE_SOURCE;
				MTL_FAST_MATH = YES;
				ONLY_ACTIVE_ARCH = YES;
				SDKROOT = iphoneos;
				SWIFT_ACTIVE_COMPILATION_CONDITIONS = "DEBUG $(inherited)";
				SWIFT_OPTIMIZATION_LEVEL = "-Onone";
			};
			name = Debug;
		};
		FEBB7A512A8B3639001B0BF6 /* Release */ = {
			isa = XCBuildConfiguration;
			buildSettings = {
				ALWAYS_SEARCH_USER_PATHS = NO;
				ASSETCATALOG_COMPILER_GENERATE_SWIFT_ASSET_SYMBOL_EXTENSIONS = YES;
				CLANG_ANALYZER_NONNULL = YES;
				CLANG_ANALYZER_NUMBER_OBJECT_CONVERSION = YES_AGGRESSIVE;
				CLANG_CXX_LANGUAGE_STANDARD = "gnu++20";
				CLANG_ENABLE_MODULES = YES;
				CLANG_ENABLE_OBJC_ARC = YES;
				CLANG_ENABLE_OBJC_WEAK = YES;
				CLANG_WARN_BLOCK_CAPTURE_AUTORELEASING = YES;
				CLANG_WARN_BOOL_CONVERSION = YES;
				CLANG_WARN_COMMA = YES;
				CLANG_WARN_CONSTANT_CONVERSION = YES;
				CLANG_WARN_DEPRECATED_OBJC_IMPLEMENTATIONS = YES;
				CLANG_WARN_DIRECT_OBJC_ISA_USAGE = YES_ERROR;
				CLANG_WARN_DOCUMENTATION_COMMENTS = YES;
				CLANG_WARN_EMPTY_BODY = YES;
				CLANG_WARN_ENUM_CONVERSION = YES;
				CLANG_WARN_INFINITE_RECURSION = YES;
				CLANG_WARN_INT_CONVERSION = YES;
				CLANG_WARN_NON_LITERAL_NULL_CONVERSION = YES;
				CLANG_WARN_OBJC_IMPLICIT_RETAIN_SELF = YES;
				CLANG_WARN_OBJC_LITERAL_CONVERSION = YES;
				CLANG_WARN_OBJC_ROOT_CLASS = YES_ERROR;
				CLANG_WARN_QUOTED_INCLUDE_IN_FRAMEWORK_HEADER = YES;
				CLANG_WARN_RANGE_LOOP_ANALYSIS = YES;
				CLANG_WARN_STRICT_PROTOTYPES = YES;
				CLANG_WARN_SUSPICIOUS_MOVE = YES;
				CLANG_WARN_UNGUARDED_AVAILABILITY = YES_AGGRESSIVE;
				CLANG_WARN_UNREACHABLE_CODE = YES;
				CLANG_WARN__DUPLICATE_METHOD_MATCH = YES;
				COPY_PHASE_STRIP = NO;
				DEBUG_INFORMATION_FORMAT = "dwarf-with-dsym";
				ENABLE_NS_ASSERTIONS = NO;
				ENABLE_STRICT_OBJC_MSGSEND = YES;
				ENABLE_USER_SCRIPT_SANDBOXING = YES;
				GCC_C_LANGUAGE_STANDARD = gnu17;
				GCC_NO_COMMON_BLOCKS = YES;
				GCC_WARN_64_TO_32_BIT_CONVERSION = YES;
				GCC_WARN_ABOUT_RETURN_TYPE = YES_ERROR;
				GCC_WARN_UNDECLARED_SELECTOR = YES;
				GCC_WARN_UNINITIALIZED_AUTOS = YES_AGGRESSIVE;
				GCC_WARN_UNUSED_FUNCTION = YES;
				GCC_WARN_UNUSED_VARIABLE = YES;
				IPHONEOS_DEPLOYMENT_TARGET = 17.0;
				LOCALIZATION_PREFERS_STRING_CATALOGS = YES;
				MTL_ENABLE_DEBUG_INFO = NO;
				MTL_FAST_MATH = YES;
				SDKROOT = iphoneos;
				SWIFT_COMPILATION_MODE = wholemodule;
				VALIDATE_PRODUCT = YES;
			};
			name = Release;
		};
		FEBB7A532A8B3639001B0BF6 /* Debug */ = {
			isa = XCBuildConfiguration;
			buildSettings = {
				ASSETCATALOG_COMPILER_APPICON_NAME = AppIcon;
				ASSETCATALOG_COMPILER_GLOBAL_ACCENT_COLOR_NAME = AccentColor;
				CODE_SIGN_STYLE = Automatic;
				CURRENT_PROJECT_VERSION = 1;
				DEVELOPMENT_TEAM = 2493S56G62;
				GENERATE_INFOPLIST_FILE = YES;
				INFOPLIST_KEY_UIApplicationSupportsIndirectInputEvents = YES;
				INFOPLIST_KEY_UILaunchStoryboardName = LaunchScreen;
				INFOPLIST_KEY_UIMainStoryboardFile = Main;
				INFOPLIST_KEY_UIStatusBarHidden = YES;
				INFOPLIST_KEY_UISupportedInterfaceOrientations = "UIInterfaceOrientationLandscapeLeft UIInterfaceOrientationLandscapeRight UIInterfaceOrientationPortrait";
				INFOPLIST_KEY_UISupportedInterfaceOrientations_iPad = "UIInterfaceOrientationLandscapeLeft UIInterfaceOrientationLandscapeRight";
				IPHONEOS_DEPLOYMENT_TARGET = 16.4;
				LD_RUNPATH_SEARCH_PATHS = (
					"$(inherited)",
					"@executable_path/Frameworks",
				);
				MARKETING_VERSION = 1.0;
				PRODUCT_BUNDLE_IDENTIFIER = "com.duckyplanet.Dead-Storm-Rising";
				PRODUCT_NAME = "$(TARGET_NAME)";
				SUPPORTED_PLATFORMS = "iphoneos iphonesimulator";
				SUPPORTS_MACCATALYST = NO;
				SUPPORTS_MAC_DESIGNED_FOR_IPHONE_IPAD = NO;
				SWIFT_EMIT_LOC_STRINGS = YES;
				SWIFT_VERSION = 5.0;
				TARGETED_DEVICE_FAMILY = 2;
			};
			name = Debug;
		};
		FEBB7A542A8B3639001B0BF6 /* Release */ = {
			isa = XCBuildConfiguration;
			buildSettings = {
				ASSETCATALOG_COMPILER_APPICON_NAME = AppIcon;
				ASSETCATALOG_COMPILER_GLOBAL_ACCENT_COLOR_NAME = AccentColor;
				CODE_SIGN_STYLE = Automatic;
				CURRENT_PROJECT_VERSION = 1;
				DEVELOPMENT_TEAM = 2493S56G62;
				GENERATE_INFOPLIST_FILE = YES;
				INFOPLIST_KEY_UIApplicationSupportsIndirectInputEvents = YES;
				INFOPLIST_KEY_UILaunchStoryboardName = LaunchScreen;
				INFOPLIST_KEY_UIMainStoryboardFile = Main;
				INFOPLIST_KEY_UIStatusBarHidden = YES;
				INFOPLIST_KEY_UISupportedInterfaceOrientations = "UIInterfaceOrientationLandscapeLeft UIInterfaceOrientationLandscapeRight UIInterfaceOrientationPortrait";
				INFOPLIST_KEY_UISupportedInterfaceOrientations_iPad = "UIInterfaceOrientationLandscapeLeft UIInterfaceOrientationLandscapeRight";
				IPHONEOS_DEPLOYMENT_TARGET = 16.4;
				LD_RUNPATH_SEARCH_PATHS = (
					"$(inherited)",
					"@executable_path/Frameworks",
				);
				MARKETING_VERSION = 1.0;
				PRODUCT_BUNDLE_IDENTIFIER = "com.duckyplanet.Dead-Storm-Rising";
				PRODUCT_NAME = "$(TARGET_NAME)";
				SUPPORTED_PLATFORMS = "iphoneos iphonesimulator";
				SUPPORTS_MACCATALYST = NO;
				SUPPORTS_MAC_DESIGNED_FOR_IPHONE_IPAD = NO;
				SWIFT_EMIT_LOC_STRINGS = YES;
				SWIFT_VERSION = 5.0;
				TARGETED_DEVICE_FAMILY = 2;
			};
			name = Release;
		};
/* End XCBuildConfiguration section */

/* Begin XCConfigurationList section */
		FEBB7A362A8B3636001B0BF6 /* Build configuration list for PBXProject "Dead Storm Rising" */ = {
			isa = XCConfigurationList;
			buildConfigurations = (
				FEBB7A502A8B3639001B0BF6 /* Debug */,
				FEBB7A512A8B3639001B0BF6 /* Release */,
			);
			defaultConfigurationIsVisible = 0;
			defaultConfigurationName = Release;
		};
		FEBB7A522A8B3639001B0BF6 /* Build configuration list for PBXNativeTarget "Dead Storm Rising" */ = {
			isa = XCConfigurationList;
			buildConfigurations = (
				FEBB7A532A8B3639001B0BF6 /* Debug */,
				FEBB7A542A8B3639001B0BF6 /* Release */,
			);
			defaultConfigurationIsVisible = 0;
			defaultConfigurationName = Release;
		};
/* End XCConfigurationList section */
	};
	rootObject = FEBB7A332A8B3636001B0BF6 /* Project object */;
}
